
Microsoft Visual Studio Solution File, Format Version 12.00
# Visual Studio 15
VisualStudioVersion = 15.0.26730.15
MinimumVisualStudioVersion = 10.0.40219.1
Project("{FAE04EC0-301F-11D3-BF4B-00C04F79EFBC}") = "COMP2007-Lab1", "COMP2007-Lab1\COMP2007-Lab1.csproj", "{B4B91245-AAFA-47D4-9821-3B0B6D204687}"
EndProject
Global
	GlobalSection(SolutionConfigurationPlatforms) = preSolution
		Debug|Any CPU = Debug|Any CPU
		Release|Any CPU = Release|Any CPU
	EndGlobalSection
	GlobalSection(ProjectConfigurationPlatforms) = postSolution
		{B4B91245-AAFA-47D4-9821-3B0B6D204687}.Debug|Any CPU.ActiveCfg = Debug|Any CPU
		{B4B91245-AAFA-47D4-9821-3B0B6D204687}.Debug|Any CPU.Build.0 = Debug|Any CPU
		{B4B91245-AAFA-47D4-9821-3B0B6D204687}.Release|Any CPU.ActiveCfg = Release|Any CPU
		{B4B91245-AAFA-47D4-9821-3B0B6D204687}.Release|Any CPU.Build.0 = Release|Any CPU
	EndGlobalSection
	GlobalSection(SolutionProperties) = preSolution
		HideSolutionNode = FALSE
	EndGlobalSection
	GlobalSection(ExtensibilityGlobals) = postSolution
		SolutionGuid = {1526A82B-B8DA-43CD-B57F-BE99E49F6086}
	EndGlobalSection
EndGlobal
